
Microsoft Visual Studio Solution File, Format Version 12.00
# Visual Studio Version 17
VisualStudioVersion = 17.5.33530.505
MinimumVisualStudioVersion = 10.0.40219.1
Project("{8BC9CEB8-8B4A-11D0-8D11-00A0C91BC942}") = "PG3_5-2", "PG3_5-2.vcxproj", "{DF62950B-4FCE-4435-B0C4-5C0ED11EA817}"
EndProject
Global
	GlobalSection(SolutionConfigurationPlatforms) = preSolution
		Debug|x64 = Debug|x64
		Debug|x86 = Debug|x86
		Release|x64 = Release|x64
		Release|x86 = Release|x86
	EndGlobalSection
	GlobalSection(ProjectConfigurationPlatforms) = postSolution
		{DF62950B-4FCE-4435-B0C4-5C0ED11EA817}.Debug|x64.ActiveCfg = Debug|x64
		{DF62950B-4FCE-4435-B0C4-5C0ED11EA817}.Debug|x64.Build.0 = Debug|x64
		{DF62950B-4FCE-4435-B0C4-5C0ED11EA817}.Debug|x86.ActiveCfg = Debug|Win32
		{DF62950B-4FCE-4435-B0C4-5C0ED11EA817}.Debug|x86.Build.0 = Debug|Win32
		{DF62950B-4FCE-4435-B0C4-5C0ED11EA817}.Release|x64.ActiveCfg = Release|x64
		{DF62950B-4FCE-4435-B0C4-5C0ED11EA817}.Release|x64.Build.0 = Release|x64
		{DF62950B-4FCE-4435-B0C4-5C0ED11EA817}.Release|x86.ActiveCfg = Release|Win32
		{DF62950B-4FCE-4435-B0C4-5C0ED11EA817}.Release|x86.Build.0 = Release|Win32
	EndGlobalSection
	GlobalSection(SolutionProperties) = preSolution
		HideSolutionNode = FALSE
	EndGlobalSection
	GlobalSection(ExtensibilityGlobals) = postSolution
		SolutionGuid = {723A176A-D6D6-4201-ACEF-99B15C4196D8}
	EndGlobalSection
EndGlobal
